
Microsoft Visual Studio Solution File, Format Version 12.00
# Visual Studio Version 17
VisualStudioVersion = 17.4.33213.308
MinimumVisualStudioVersion = 10.0.40219.1
Project("{FAE04EC0-301F-11D3-BF4B-00C04F79EFBC}") = "RazorDBCodeFirst23", "RazorDBCodeFirst23\RazorDBCodeFirst23.csproj", "{318EAD30-95FC-401A-B66F-4B1034EEACB9}"
EndProject
Global
	GlobalSection(SolutionConfigurationPlatforms) = preSolution
		Debug|Any CPU = Debug|Any CPU
		Release|Any CPU = Release|Any CPU
	EndGlobalSection
	GlobalSection(ProjectConfigurationPlatforms) = postSolution
		{318EAD30-95FC-401A-B66F-4B1034EEACB9}.Debug|Any CPU.ActiveCfg = Debug|Any CPU
		{318EAD30-95FC-401A-B66F-4B1034EEACB9}.Debug|Any CPU.Build.0 = Debug|Any CPU
		{318EAD30-95FC-401A-B66F-4B1034EEACB9}.Release|Any CPU.ActiveCfg = Release|Any CPU
		{318EAD30-95FC-401A-B66F-4B1034EEACB9}.Release|Any CPU.Build.0 = Release|Any CPU
	EndGlobalSection
	GlobalSection(SolutionProperties) = preSolution
		HideSolutionNode = FALSE
	EndGlobalSection
	GlobalSection(ExtensibilityGlobals) = postSolution
		SolutionGuid = {B26C2A9F-5730-4918-A161-272B19D98881}
	EndGlobalSection
EndGlobal
